
Microsoft Visual Studio Solution File, Format Version 12.00
# Visual Studio 15
VisualStudioVersion = 15.0.28307.421
MinimumVisualStudioVersion = 10.0.40219.1
Project("{9A19103F-16F7-4668-BE54-9A1E7A4F7556}") = "MercaLibre58", "MercaLibre58\MercaLibre58.csproj", "{729452F5-A089-43A1-8D7C-36B1BAD0F9B7}"
EndProject
Project("{9A19103F-16F7-4668-BE54-9A1E7A4F7556}") = "UnitTestProject1", "UnitTestProject1\UnitTestProject1.csproj", "{DEC6E22A-7D50-40E5-A597-0FBFBB48EE70}"
EndProject
Project("{9A19103F-16F7-4668-BE54-9A1E7A4F7556}") = "ProgramaUsuario", "ProgramaUsuario\ProgramaUsuario.csproj", "{F056342B-91B2-4073-894E-C0FE01F26C01}"
EndProject
Project("{FAE04EC0-301F-11D3-BF4B-00C04F79EFBC}") = "ProgramaAdministrador", "ProgramaAdministrador\ProgramaAdministrador.csproj", "{4780D1E2-1DBD-4F74-B025-EB464310328A}"
EndProject
Global
	GlobalSection(SolutionConfigurationPlatforms) = preSolution
		Debug|Any CPU = Debug|Any CPU
		Release|Any CPU = Release|Any CPU
	EndGlobalSection
	GlobalSection(ProjectConfigurationPlatforms) = postSolution
		{729452F5-A089-43A1-8D7C-36B1BAD0F9B7}.Debug|Any CPU.ActiveCfg = Debug|Any CPU
		{729452F5-A089-43A1-8D7C-36B1BAD0F9B7}.Debug|Any CPU.Build.0 = Debug|Any CPU
		{729452F5-A089-43A1-8D7C-36B1BAD0F9B7}.Release|Any CPU.ActiveCfg = Release|Any CPU
		{729452F5-A089-43A1-8D7C-36B1BAD0F9B7}.Release|Any CPU.Build.0 = Release|Any CPU
		{DEC6E22A-7D50-40E5-A597-0FBFBB48EE70}.Debug|Any CPU.ActiveCfg = Debug|Any CPU
		{DEC6E22A-7D50-40E5-A597-0FBFBB48EE70}.Debug|Any CPU.Build.0 = Debug|Any CPU
		{DEC6E22A-7D50-40E5-A597-0FBFBB48EE70}.Release|Any CPU.ActiveCfg = Release|Any CPU
		{DEC6E22A-7D50-40E5-A597-0FBFBB48EE70}.Release|Any CPU.Build.0 = Release|Any CPU
		{F056342B-91B2-4073-894E-C0FE01F26C01}.Debug|Any CPU.ActiveCfg = Debug|Any CPU
		{F056342B-91B2-4073-894E-C0FE01F26C01}.Debug|Any CPU.Build.0 = Debug|Any CPU
		{F056342B-91B2-4073-894E-C0FE01F26C01}.Release|Any CPU.ActiveCfg = Release|Any CPU
		{F056342B-91B2-4073-894E-C0FE01F26C01}.Release|Any CPU.Build.0 = Release|Any CPU
		{4780D1E2-1DBD-4F74-B025-EB464310328A}.Debug|Any CPU.ActiveCfg = Debug|Any CPU
		{4780D1E2-1DBD-4F74-B025-EB464310328A}.Debug|Any CPU.Build.0 = Debug|Any CPU
		{4780D1E2-1DBD-4F74-B025-EB464310328A}.Release|Any CPU.ActiveCfg = Release|Any CPU
		{4780D1E2-1DBD-4F74-B025-EB464310328A}.Release|Any CPU.Build.0 = Release|Any CPU
	EndGlobalSection
	GlobalSection(SolutionProperties) = preSolution
		HideSolutionNode = FALSE
	EndGlobalSection
	GlobalSection(ExtensibilityGlobals) = postSolution
		SolutionGuid = {2F3EA749-56AF-47A5-B70A-15C23C029DAF}
	EndGlobalSection
EndGlobal
